
Microsoft Visual Studio Solution File, Format Version 12.00
# Visual Studio Version 17
VisualStudioVersion = 17.4.33103.184
MinimumVisualStudioVersion = 10.0.40219.1
Project("{8BC9CEB8-8B4A-11D0-8D11-00A0C91BC942}") = "Minesweeper", "Minesweeper.vcxproj", "{AA32589B-6BFA-4B9A-A6AE-8DBB37921BF6}"
EndProject
Global
	GlobalSection(SolutionConfigurationPlatforms) = preSolution
		Debug|x64 = Debug|x64
		Release|x64 = Release|x64
	EndGlobalSection
	GlobalSection(ProjectConfigurationPlatforms) = postSolution
		{AA32589B-6BFA-4B9A-A6AE-8DBB37921BF6}.Debug|x64.ActiveCfg = Debug|x64
		{AA32589B-6BFA-4B9A-A6AE-8DBB37921BF6}.Debug|x64.Build.0 = Debug|x64
		{AA32589B-6BFA-4B9A-A6AE-8DBB37921BF6}.Release|x64.ActiveCfg = Release|x64
		{AA32589B-6BFA-4B9A-A6AE-8DBB37921BF6}.Release|x64.Build.0 = Release|x64
	EndGlobalSection
	GlobalSection(SolutionProperties) = preSolution
		HideSolutionNode = FALSE
	EndGlobalSection
	GlobalSection(ExtensibilityGlobals) = postSolution
		SolutionGuid = {6D469270-4808-44BF-A0B8-CEFF93669385}
	EndGlobalSection
EndGlobal
